
Microsoft Visual Studio Solution File, Format Version 12.00
# Visual Studio Version 16
VisualStudioVersion = 16.0.29509.3
MinimumVisualStudioVersion = 10.0.40219.1
Project("{FAE04EC0-301F-11D3-BF4B-00C04F79EFBC}") = "AggregateRequestId", "AggregateRequestId.csproj", "{6776E5DB-A1F2-4EB2-AE2D-3BA1381F72A7}"
EndProject
Global
	GlobalSection(SolutionConfigurationPlatforms) = preSolution
		Debug|Any CPU = Debug|Any CPU
		Release|Any CPU = Release|Any CPU
	EndGlobalSection
	GlobalSection(ProjectConfigurationPlatforms) = postSolution
		{6776E5DB-A1F2-4EB2-AE2D-3BA1381F72A7}.Debug|Any CPU.ActiveCfg = Debug|Any CPU
		{6776E5DB-A1F2-4EB2-AE2D-3BA1381F72A7}.Debug|Any CPU.Build.0 = Debug|Any CPU
		{6776E5DB-A1F2-4EB2-AE2D-3BA1381F72A7}.Release|Any CPU.ActiveCfg = Release|Any CPU
		{6776E5DB-A1F2-4EB2-AE2D-3BA1381F72A7}.Release|Any CPU.Build.0 = Release|Any CPU
	EndGlobalSection
	GlobalSection(SolutionProperties) = preSolution
		HideSolutionNode = FALSE
	EndGlobalSection
	GlobalSection(ExtensibilityGlobals) = postSolution
		SolutionGuid = {428F57C5-7342-4769-96FF-8039D0106446}
	EndGlobalSection
EndGlobal
